
Microsoft Visual Studio Solution File, Format Version 12.00
# Visual Studio Version 17
VisualStudioVersion = 17.14.36408.4 d17.14
MinimumVisualStudioVersion = 10.0.40219.1
Project("{FAE04EC0-301F-11D3-BF4B-00C04F79EFBC}") = "ReservaTurnosElkinRodriguez", "ReservaTurnosElkinRodriguez.csproj", "{D6A4A111-2055-4C01-AE53-A49D838EE855}"
EndProject
Global
	GlobalSection(SolutionConfigurationPlatforms) = preSolution
		Debug|Any CPU = Debug|Any CPU
		Release|Any CPU = Release|Any CPU
	EndGlobalSection
	GlobalSection(ProjectConfigurationPlatforms) = postSolution
		{D6A4A111-2055-4C01-AE53-A49D838EE855}.Debug|Any CPU.ActiveCfg = Debug|Any CPU
		{D6A4A111-2055-4C01-AE53-A49D838EE855}.Debug|Any CPU.Build.0 = Debug|Any CPU
		{D6A4A111-2055-4C01-AE53-A49D838EE855}.Release|Any CPU.ActiveCfg = Release|Any CPU
		{D6A4A111-2055-4C01-AE53-A49D838EE855}.Release|Any CPU.Build.0 = Release|Any CPU
	EndGlobalSection
	GlobalSection(SolutionProperties) = preSolution
		HideSolutionNode = FALSE
	EndGlobalSection
	GlobalSection(ExtensibilityGlobals) = postSolution
		SolutionGuid = {EF7637D8-04F9-4C33-8B4F-81ABAD66886E}
	EndGlobalSection
EndGlobal
